
Microsoft Visual Studio Solution File, Format Version 12.00
# Visual Studio Version 16
VisualStudioVersion = 16.0.30804.86
MinimumVisualStudioVersion = 10.0.40219.1
Project("{FAE04EC0-301F-11D3-BF4B-00C04F79EFBC}") = "Gifter2", "Gifter2\Gifter2.csproj", "{67C51F36-1159-4B38-9834-F5E58047E4F1}"
EndProject
Global
	GlobalSection(SolutionConfigurationPlatforms) = preSolution
		Debug|Any CPU = Debug|Any CPU
		Release|Any CPU = Release|Any CPU
	EndGlobalSection
	GlobalSection(ProjectConfigurationPlatforms) = postSolution
		{67C51F36-1159-4B38-9834-F5E58047E4F1}.Debug|Any CPU.ActiveCfg = Debug|Any CPU
		{67C51F36-1159-4B38-9834-F5E58047E4F1}.Debug|Any CPU.Build.0 = Debug|Any CPU
		{67C51F36-1159-4B38-9834-F5E58047E4F1}.Release|Any CPU.ActiveCfg = Release|Any CPU
		{67C51F36-1159-4B38-9834-F5E58047E4F1}.Release|Any CPU.Build.0 = Release|Any CPU
	EndGlobalSection
	GlobalSection(SolutionProperties) = preSolution
		HideSolutionNode = FALSE
	EndGlobalSection
	GlobalSection(ExtensibilityGlobals) = postSolution
		SolutionGuid = {7E376B63-A8C1-45CD-B6BC-00426344FD48}
	EndGlobalSection
EndGlobal
